# This file is automatically @generated by Cargo.
# It is not intended for manual editing.
version = 4

[[package]]
name = "floptle-anim"
version = "0.0.0"
dependencies = [
 "floptle-core",
]

[[package]]
name = "floptle-assets"
version = "0.0.0"
dependencies = [
 "floptle-core",
 "floptle-render",
]

[[package]]
name = "floptle-core"
version = "0.0.0"

[[package]]
name = "floptle-editor"
version = "0.0.0"
dependencies = [
 "floptle-anim",
 "floptle-assets",
 "floptle-core",
 "floptle-input",
 "floptle-matter",
 "floptle-physics",
 "floptle-render",
 "floptle-rules",
 "floptle-script",
 "floptle-shader",
 "floptle-ui",
 "floptle-vfx",
]

[[package]]
name = "floptle-field"
version = "0.0.0"
dependencies = [
 "floptle-core",
]

[[package]]
name = "floptle-input"
version = "0.0.0"
dependencies = [
 "floptle-core",
]

[[package]]
name = "floptle-matter"
version = "0.0.0"
dependencies = [
 "floptle-core",
 "floptle-field",
 "floptle-physics",
 "floptle-rules",
]

[[package]]
name = "floptle-net"
version = "0.0.0"
dependencies = [
 "floptle-core",
]

[[package]]
name = "floptle-physics"
version = "0.0.0"
dependencies = [
 "floptle-core",
 "floptle-field",
 "floptle-rules",
]

[[package]]
name = "floptle-render"
version = "0.0.0"
dependencies = [
 "floptle-core",
 "floptle-field",
 "floptle-rules",
]

[[package]]
name = "floptle-rules"
version = "0.0.0"
dependencies = [
 "floptle-core",
 "floptle-field",
]

[[package]]
name = "floptle-runtime"
version = "0.0.0"
dependencies = [
 "floptle-anim",
 "floptle-assets",
 "floptle-core",
 "floptle-input",
 "floptle-matter",
 "floptle-net",
 "floptle-physics",
 "floptle-render",
 "floptle-rules",
 "floptle-script",
 "floptle-shader",
 "floptle-ui",
 "floptle-vfx",
]

[[package]]
name = "floptle-script"
version = "0.0.0"
dependencies = [
 "floptle-core",
 "floptle-input",
]

[[package]]
name = "floptle-shader"
version = "0.0.0"
dependencies = [
 "floptle-core",
]

[[package]]
name = "floptle-ui"
version = "0.0.0"
dependencies = [
 "floptle-core",
 "floptle-render",
]

[[package]]
name = "floptle-vfx"
version = "0.0.0"
dependencies = [
 "floptle-core",
 "floptle-render",
]
